
Microsoft Visual Studio Solution File, Format Version 12.00
# Visual Studio Version 17
VisualStudioVersion = 17.8.34316.72
MinimumVisualStudioVersion = 10.0.40219.1
Project("{9A19103F-16F7-4668-BE54-9A1E7A4F7556}") = "Task 3-3", "Task 3-3.csproj", "{051DE0BA-20A7-486E-ABC3-554DFAE4673E}"
EndProject
Global
	GlobalSection(SolutionConfigurationPlatforms) = preSolution
		Debug|Any CPU = Debug|Any CPU
		Release|Any CPU = Release|Any CPU
	EndGlobalSection
	GlobalSection(ProjectConfigurationPlatforms) = postSolution
		{051DE0BA-20A7-486E-ABC3-554DFAE4673E}.Debug|Any CPU.ActiveCfg = Debug|Any CPU
		{051DE0BA-20A7-486E-ABC3-554DFAE4673E}.Debug|Any CPU.Build.0 = Debug|Any CPU
		{051DE0BA-20A7-486E-ABC3-554DFAE4673E}.Release|Any CPU.ActiveCfg = Release|Any CPU
		{051DE0BA-20A7-486E-ABC3-554DFAE4673E}.Release|Any CPU.Build.0 = Release|Any CPU
	EndGlobalSection
	GlobalSection(SolutionProperties) = preSolution
		HideSolutionNode = FALSE
	EndGlobalSection
	GlobalSection(ExtensibilityGlobals) = postSolution
		SolutionGuid = {CEAF9105-1B79-4AFD-83ED-CF0F33E3D88B}
	EndGlobalSection
EndGlobal
